
Microsoft Visual Studio Solution File, Format Version 12.00
# Visual Studio Version 16
VisualStudioVersion = 16.0.30309.148
MinimumVisualStudioVersion = 10.0.40219.1
Project("{FAE04EC0-301F-11D3-BF4B-00C04F79EFBC}") = "part 5-decisions", "part 5-decisions\part 5-decisions.csproj", "{C1A001F1-0764-40DB-B225-1B609ED7C76A}"
EndProject
Global
	GlobalSection(SolutionConfigurationPlatforms) = preSolution
		Debug|Any CPU = Debug|Any CPU
		Release|Any CPU = Release|Any CPU
	EndGlobalSection
	GlobalSection(ProjectConfigurationPlatforms) = postSolution
		{C1A001F1-0764-40DB-B225-1B609ED7C76A}.Debug|Any CPU.ActiveCfg = Debug|Any CPU
		{C1A001F1-0764-40DB-B225-1B609ED7C76A}.Debug|Any CPU.Build.0 = Debug|Any CPU
		{C1A001F1-0764-40DB-B225-1B609ED7C76A}.Release|Any CPU.ActiveCfg = Release|Any CPU
		{C1A001F1-0764-40DB-B225-1B609ED7C76A}.Release|Any CPU.Build.0 = Release|Any CPU
	EndGlobalSection
	GlobalSection(SolutionProperties) = preSolution
		HideSolutionNode = FALSE
	EndGlobalSection
	GlobalSection(ExtensibilityGlobals) = postSolution
		SolutionGuid = {450DF08D-D050-4CA4-9726-776AD10443B1}
	EndGlobalSection
EndGlobal
